# This file was autogenerated by Stack.
# You should not edit this file by hand.
# For more information, please see the documentation at:
#   https://docs.haskellstack.org/en/stable/lock_files

packages:
- completed:
    hackage: servant-foreign-0.15.4@sha256:0e314ac53f5ec3657fb5f589c4f12b2d4deac8b7d1f7700e95aa2d9235837c17,2776
    pantry-tree:
      size: 590
      sha256: bdc95bf37b1cec8b17c4442eb1bb64857b03cdb118e82133b9174aefaf6afa23
  original:
    hackage: servant-foreign-0.15.4
- completed:
    hackage: elm-street-0.1.0.4@sha256:9a57d0c42940694a4667278b52a060892e955111e6a197e9afcd7beca5193940,4439
    pantry-tree:
      size: 1190
      sha256: eac67d9b492d86cf6fdfe0eea8084e24729ac5f1318801d435bb843a3210e1e1
  original:
    hackage: elm-street-0.1.0.4
- completed:
    hackage: servant-js-0.9.4.2@sha256:8376ab122b48427f190e9289e659a68dc382f1739ac610514f524a2c22386a52,3531
    pantry-tree:
      size: 961
      sha256: c28356e34444a1ce680b3f7e935d59348ab79dc25db7dbea8db3330d7c52c4e8
  original:
    hackage: servant-js-0.9.4.2
snapshots:
- completed:
    size: 586296
    url: https://raw.githubusercontent.com/commercialhaskell/stackage-snapshots/master/lts/18/18.yaml
    sha256: 63539429076b7ebbab6daa7656cfb079393bf644971156dc349d7c0453694ac2
  original:
    url: https://raw.githubusercontent.com/commercialhaskell/stackage-snapshots/master/lts/18/18.yaml
